Microsoft Visual Studio Solution File, Format Version 11.00
# Visual Studio 2008

Project("{AE2C3380-CADA-72FA-A8EF-8FF0539232D1}") = "RADIO IN WHITE BOX", "Assembly-CSharp-firstpass-vs.csproj", "{3BA1345B-6289-0BDE-FD4C-C18B96CCCAEE}"
EndProject
Project("{AE2C3380-CADA-72FA-A8EF-8FF0539232D1}") = "RADIO IN WHITE BOX", "Assembly-CSharp-vs.csproj", "{C0600674-DEB6-68CB-7496-A93D74E73F40}"
EndProject
Project("{AE2C3380-CADA-72FA-A8EF-8FF0539232D1}") = "RADIO IN WHITE BOX", "Assembly-CSharp-Editor-vs.csproj", "{FAAF41FC-8DF5-A7F7-29D1-A0AE5E823D51}"
EndProject
Global
	GlobalSection(SolutionConfigurationPlatforms) = preSolution
		Debug|Any CPU = Debug|Any CPU
		Release|Any CPU = Release|Any CPU
	EndGlobalSection
	GlobalSection(ProjectConfigurationPlatforms) = postSolution
		{3BA1345B-6289-0BDE-FD4C-C18B96CCCAEE}.Debug|Any CPU.ActiveCfg = Debug|Any CPU
		{3BA1345B-6289-0BDE-FD4C-C18B96CCCAEE}.Debug|Any CPU.Build.0 = Debug|Any CPU
		{3BA1345B-6289-0BDE-FD4C-C18B96CCCAEE}.Release|Any CPU.ActiveCfg = Release|Any CPU
		{3BA1345B-6289-0BDE-FD4C-C18B96CCCAEE}.Release|Any CPU.Build.0 = Release|Any CPU
		{C0600674-DEB6-68CB-7496-A93D74E73F40}.Debug|Any CPU.ActiveCfg = Debug|Any CPU
		{C0600674-DEB6-68CB-7496-A93D74E73F40}.Debug|Any CPU.Build.0 = Debug|Any CPU
		{C0600674-DEB6-68CB-7496-A93D74E73F40}.Release|Any CPU.ActiveCfg = Release|Any CPU
		{C0600674-DEB6-68CB-7496-A93D74E73F40}.Release|Any CPU.Build.0 = Release|Any CPU
		{FAAF41FC-8DF5-A7F7-29D1-A0AE5E823D51}.Debug|Any CPU.ActiveCfg = Debug|Any CPU
		{FAAF41FC-8DF5-A7F7-29D1-A0AE5E823D51}.Debug|Any CPU.Build.0 = Debug|Any CPU
		{FAAF41FC-8DF5-A7F7-29D1-A0AE5E823D51}.Release|Any CPU.ActiveCfg = Release|Any CPU
		{FAAF41FC-8DF5-A7F7-29D1-A0AE5E823D51}.Release|Any CPU.Build.0 = Release|Any CPU
	EndGlobalSection
	GlobalSection(SolutionProperties) = preSolution
		HideSolutionNode = FALSE
	EndGlobalSection
										GlobalSection(MonoDevelopProperties) = preSolution
		StartupItem = Assembly-CSharp.csproj
		Policies = $0
		$0.TextStylePolicy = $1
		$1.inheritsSet = null
		$1.scope = text/x-csharp
		$0.CSharpFormattingPolicy = $2
		$2.inheritsSet = Mono
		$2.inheritsScope = text/x-csharp
		$2.scope = text/x-csharp
		$0.TextStylePolicy = $3
		$3.FileWidth = 120
		$3.TabWidth = 4
		$3.IndentWidth = 4
		$3.EolMarker = Unix
		$3.inheritsSet = Mono
		$3.inheritsScope = text/plain
		$3.scope = text/plain
	EndGlobalSection

EndGlobal
